PODS:
  - Alamofire (4.8.0)
  - CocoaLumberjack/Core (3.4.2)
  - CocoaLumberjack/Default (3.4.2)
  - CocoaLumberjack/Swift (3.4.2):
    - CocoaLumberjack/Default
  - KeychainSwift (13.0.0)
  - Nimble (7.3.1)
  - OHHTTPStubs/Core (6.1.0)
  - OHHTTPStubs/Default (6.1.0):
    - OHHTTPStubs/Core
    - OHHTTPStubs/JSON
    - OHHTTPStubs/NSURLSession
    - OHHTTPStubs/OHPathHelpers
  - OHHTTPStubs/JSON (6.1.0):
    - OHHTTPStubs/Core
  - OHHTTPStubs/NSURLSession (6.1.0):
    - OHHTTPStubs/Core
  - OHHTTPStubs/OHPathHelpers (6.1.0)
  - OHHTTPStubs/Swift (6.1.0):
    - OHHTTPStubs/Default
  - PSPDFKit (8.2.1):
    - PSPDFKit/Core (= 8.2.1)
  - PSPDFKit/Core (8.2.1)
  - Quick (1.3.2)
  - Realm (3.13.1):
    - Realm/Headers (= 3.13.1)
  - Realm/Headers (3.13.1)
  - RealmSwift (3.13.1):
    - Realm (= 3.13.1)
  - RxAlamofire (4.3.0):
    - RxAlamofire/Core (= 4.3.0)
  - RxAlamofire/Core (4.3.0):
    - Alamofire (~> 4.5)
    - RxSwift (~> 4)
  - RxAtomic (4.4.0)
  - RxCocoa (4.4.0):
    - RxSwift (~> 4.0)
  - RxSwift (4.4.0):
    - RxAtomic (~> 4.4)

DEPENDENCIES:
  - Alamofire (= 4.8.0)
  - CocoaLumberjack/Core (= 3.4.2)
  - CocoaLumberjack/Swift (= 3.4.2)
  - KeychainSwift (= 13.0.0)
  - Nimble (= 7.3.1)
  - OHHTTPStubs/Swift (= 6.1.0)
  - PSPDFKit (from `https://customers.pspdfkit.com/cocoapods/TRIAL-w46OJ57xowLmzqz6rPM9wXSiSGlj4MoudWW3bLnjX57qJwfJzSvdP91d8wsAAPH9fMwzL_6osqqa2mS6VwkcXw/latest.podspec`)
  - Quick (= 1.3.2)
  - RealmSwift (= 3.13.1)
  - RxAlamofire (= 4.3.0)
  - RxCocoa (= 4.4.0)
  - RxSwift (= 4.4.0)

SPEC REPOS:
  https://github.com/cocoapods/specs.git:
    - Alamofire
    - CocoaLumberjack
    - KeychainSwift
    - Nimble
    - OHHTTPStubs
    - Quick
    - Realm
    - RealmSwift
    - RxAlamofire
    - RxAtomic
    - RxCocoa
    - RxSwift

EXTERNAL SOURCES:
  PSPDFKit:
    :podspec: https://customers.pspdfkit.com/cocoapods/TRIAL-w46OJ57xowLmzqz6rPM9wXSiSGlj4MoudWW3bLnjX57qJwfJzSvdP91d8wsAAPH9fMwzL_6osqqa2mS6VwkcXw/latest.podspec

SPEC CHECKSUMS:
  Alamofire: 3ec537f71edc9804815215393ae2b1a8ea33a844
  CocoaLumberjack: db7cc9e464771f12054c22ff6947c5a58d43a0fd
  KeychainSwift: 23d6c16cbc33f20fafa30c3d783241b4b87d998c
  Nimble: 04f732da099ea4d153122aec8c2a88fd0c7219ae
  OHHTTPStubs: 1e21c7d2c084b8153fc53d48400d8919d2d432d0
  PSPDFKit: 9d3fada93b73cf0cd4652318f667835b0285247d
  Quick: 2623cb30d7a7f41ca62f684f679586558f483d46
  Realm: 50071da38fe079e0735e47c9f2eae738c68c5996
  RealmSwift: 8a1e6a02b7a08cd17a31e3115143fb69fe5f3fb9
  RxAlamofire: 09624d0f2d48ed8b686e4eb4cf68e28cbd2df556
  RxAtomic: eacf60db868c96bfd63320e28619fe29c179656f
  RxCocoa: df63ebf7b9a70d6b4eeea407ed5dd4efc8979749
  RxSwift: 5976ecd04fc2fefd648827c23de5e11157faa973

PODFILE CHECKSUM: 88e3a79e99180e8f0ddbc4eec3b0663020ab531a

COCOAPODS: 1.5.3
