<?xml version="1.0" encoding="UTF-8"?>
<Scheme
   LastUpgradeVersion = "1200"
   version = "1.3">
   <BuildAction
      parallelizeBuildables = "YES"
      buildImplicitDependencies = "YES">
      <BuildActionEntries>
         <BuildActionEntry
            buildForTesting = "YES"
            buildForRunning = "YES"
            buildForProfiling = "YES"
            buildForArchiving = "YES"
            buildForAnalyzing = "YES">
            <BuildableReference
               BuildableIdentifier = "primary"
               BlueprintIdentifier = "B30D59542206F60400884C4A"
               BuildableName = "Zotero.app"
               BlueprintName = "Zotero"
               ReferencedContainer = "container:Zotero.xcodeproj">
            </BuildableReference>
         </BuildActionEntry>
      </BuildActionEntries>
   </BuildAction>
   <TestAction
      buildConfiguration = "Debug PDF"
      selectedDebuggerIdentifier = "Xcode.DebuggerFoundation.Debugger.LLDB"
      selectedLauncherIdentifier = "Xcode.DebuggerFoundation.Launcher.LLDB"
      shouldUseLaunchSchemeArgsEnv = "YES">
      <MacroExpansion>
         <BuildableReference
            BuildableIdentifier = "primary"
            BlueprintIdentifier = "B30D59542206F60400884C4A"
            BuildableName = "Zotero.app"
            BlueprintName = "Zotero"
            ReferencedContainer = "container:Zotero.xcodeproj">
         </BuildableReference>
      </MacroExpansion>
      <Testables>
         <TestableReference
            skipped = "NO">
            <BuildableReference
               BuildableIdentifier = "primary"
               BlueprintIdentifier = "B30D596A2206F60500884C4A"
               BuildableName = "ZoteroTests.xctest"
               BlueprintName = "ZoteroTests"
               ReferencedContainer = "container:Zotero.xcodeproj">
            </BuildableReference>
         </TestableReference>
         <TestableReference
            skipped = "YES">
            <BuildableReference
               BuildableIdentifier = "primary"
               BlueprintIdentifier = "B30D59752206F60500884C4A"
               BuildableName = "ZoteroUITests.xctest"
               BlueprintName = "ZoteroUITests"
               ReferencedContainer = "container:Zotero.xcodeproj">
            </BuildableReference>
         </TestableReference>
      </Testables>
   </TestAction>
   <LaunchAction
      buildConfiguration = "Debug PDF"
      selectedDebuggerIdentifier = "Xcode.DebuggerFoundation.Debugger.LLDB"
      selectedLauncherIdentifier = "Xcode.DebuggerFoundation.Launcher.LLDB"
      launchStyle = "0"
      useCustomWorkingDirectory = "NO"
      ignoresPersistentStateOnLaunch = "NO"
      debugDocumentVersioning = "YES"
      debugServiceExtension = "internal"
      allowLocationSimulation = "YES">
      <BuildableProductRunnable
         runnableDebuggingMode = "0">
         <BuildableReference
            BuildableIdentifier = "primary"
            BlueprintIdentifier = "B30D59542206F60400884C4A"
            BuildableName = "Zotero.app"
            BlueprintName = "Zotero"
            ReferencedContainer = "container:Zotero.xcodeproj">
         </BuildableReference>
      </BuildableProductRunnable>
      <EnvironmentVariables>
         <EnvironmentVariable
            key = "REALM_DISABLE_ANALYTICS"
            value = "YES"
            isEnabled = "YES">
         </EnvironmentVariable>
      </EnvironmentVariables>
   </LaunchAction>
   <ProfileAction
      buildConfiguration = "Release PDF"
      shouldUseLaunchSchemeArgsEnv = "YES"
      savedToolIdentifier = ""
      useCustomWorkingDirectory = "NO"
      debugDocumentVersioning = "YES">
      <BuildableProductRunnable
         runnableDebuggingMode = "0">
         <BuildableReference
            BuildableIdentifier = "primary"
            BlueprintIdentifier = "B30D59542206F60400884C4A"
            BuildableName = "Zotero.app"
            BlueprintName = "Zotero"
            ReferencedContainer = "container:Zotero.xcodeproj">
         </BuildableReference>
      </BuildableProductRunnable>
   </ProfileAction>
   <AnalyzeAction
      buildConfiguration = "Debug PDF">
   </AnalyzeAction>
   <ArchiveAction
      buildConfiguration = "Release PDF"
      revealArchiveInOrganizer = "YES">
      <PostActions>
         <ExecutionAction
            ActionType = "Xcode.IDEStandardExecutionActionsCore.ExecutionActionType.ShellScriptAction">
            <ActionContent
               title = "Run Script"
               scriptText = "# Plugins file destination&#10;PLUGIN_DIR=&quot;${ARCHIVE_PRODUCTS_PATH}${INSTALL_PATH}/Applications/Zotero.app/PlugIns&quot;&#10;&#10;if [ ! -d &quot;${PLUGIN_DIR}&quot; ]; then&#10;exit&#10;fi&#10;&#10;# Remove frameworks added by Swift Package Manager into incorrect folder&#10;#rm -r &quot;${PLUGIN_DIR}/PSPDFKit.framework&quot;&#10;#rm -r &quot;${PLUGIN_DIR}/PSPDFKitUI.framework&quot;&#10;">
            </ActionContent>
         </ExecutionAction>
      </PostActions>
   </ArchiveAction>
</Scheme>
